
Microsoft Visual Studio Solution File, Format Version 12.00
Project("{FAE04EC0-301F-11D3-BF4B-00C04F79EFBC}") = "osu.Rulesets.Difficulty.Statistics", "osu.Rulesets.Difficulty.Statistics\osu.Rulesets.Difficulty.Statistics.csproj", "{4B275161-136C-4367-926D-376ADA87B373}"
EndProject
Project("{FAE04EC0-301F-11D3-BF4B-00C04F79EFBC}") = "osu.Rulesets.Difficulty.Statistics.Desktop", "osu.Rulesets.Difficulty.Statistics.Desktop\osu.Rulesets.Difficulty.Statistics.Desktop.csproj", "{35DF58B9-29C8-421B-9032-00B807E0A658}"
EndProject
Project("{FAE04EC0-301F-11D3-BF4B-00C04F79EFBC}") = "osu.Rulesets.Difficulty.Statistics.Tests", "osu.Rulesets.Difficulty.Statistics.Tests\osu.Rulesets.Difficulty.Statistics.Tests.csproj", "{63AFFCCF-4A51-42B0-B7A1-3329A5299A5C}"
EndProject
Project("{FAE04EC0-301F-11D3-BF4B-00C04F79EFBC}") = "osu.Rulesets.Difficulty.Extended.Osu", "osu.Rulesets.Difficulty.Extended.Osu\osu.Rulesets.Difficulty.Extended.Osu.csproj", "{F9180D7F-5469-42E2-A512-03CD2644FB84}"
EndProject
Project("{2150E333-8FDC-42A3-9474-1A3956D46DE8}") = "Solution Files", "Solution Files", "{2933B4F9-54C2-491D-9707-90478CF6BC59}"
	ProjectSection(SolutionItems) = preProject
		.editorconfig = .editorconfig
	EndProjectSection
EndProject
Project("{FAE04EC0-301F-11D3-BF4B-00C04F79EFBC}") = "osu.Rulesets.Difficulty.Extended.Taiko", "osu.Rulesets.Difficulty.Extended.Taiko\osu.Rulesets.Difficulty.Extended.Taiko.csproj", "{2CDB2415-AFC1-4AE1-908E-124CD5E9E437}"
EndProject
Project("{FAE04EC0-301F-11D3-BF4B-00C04F79EFBC}") = "osu.Rulesets.Difficulty.Extended.Catch", "osu.Rulesets.Difficulty.Extended.Catch\osu.Rulesets.Difficulty.Extended.Catch.csproj", "{251D842A-35DA-4DA1-B285-5E9A5CA9485E}"
EndProject
Project("{FAE04EC0-301F-11D3-BF4B-00C04F79EFBC}") = "osu.Rulesets.Difficulty.Extended.Mania", "osu.Rulesets.Difficulty.Extended.Mania\osu.Rulesets.Difficulty.Extended.Mania.csproj", "{568611CE-2D1F-44E2-92C3-DAFC73AE319C}"
EndProject
Global
	GlobalSection(SolutionConfigurationPlatforms) = preSolution
		Debug|Any CPU = Debug|Any CPU
		Release|Any CPU = Release|Any CPU
	EndGlobalSection
	GlobalSection(ProjectConfigurationPlatforms) = postSolution
		{4B275161-136C-4367-926D-376ADA87B373}.Debug|Any CPU.ActiveCfg = Debug|Any CPU
		{4B275161-136C-4367-926D-376ADA87B373}.Debug|Any CPU.Build.0 = Debug|Any CPU
		{4B275161-136C-4367-926D-376ADA87B373}.Release|Any CPU.ActiveCfg = Release|Any CPU
		{4B275161-136C-4367-926D-376ADA87B373}.Release|Any CPU.Build.0 = Release|Any CPU
		{35DF58B9-29C8-421B-9032-00B807E0A658}.Debug|Any CPU.ActiveCfg = Debug|Any CPU
		{35DF58B9-29C8-421B-9032-00B807E0A658}.Debug|Any CPU.Build.0 = Debug|Any CPU
		{35DF58B9-29C8-421B-9032-00B807E0A658}.Release|Any CPU.ActiveCfg = Release|Any CPU
		{35DF58B9-29C8-421B-9032-00B807E0A658}.Release|Any CPU.Build.0 = Release|Any CPU
		{63AFFCCF-4A51-42B0-B7A1-3329A5299A5C}.Debug|Any CPU.ActiveCfg = Debug|Any CPU
		{63AFFCCF-4A51-42B0-B7A1-3329A5299A5C}.Debug|Any CPU.Build.0 = Debug|Any CPU
		{63AFFCCF-4A51-42B0-B7A1-3329A5299A5C}.Release|Any CPU.ActiveCfg = Release|Any CPU
		{63AFFCCF-4A51-42B0-B7A1-3329A5299A5C}.Release|Any CPU.Build.0 = Release|Any CPU
		{F9180D7F-5469-42E2-A512-03CD2644FB84}.Debug|Any CPU.ActiveCfg = Debug|Any CPU
		{F9180D7F-5469-42E2-A512-03CD2644FB84}.Debug|Any CPU.Build.0 = Debug|Any CPU
		{F9180D7F-5469-42E2-A512-03CD2644FB84}.Release|Any CPU.ActiveCfg = Release|Any CPU
		{F9180D7F-5469-42E2-A512-03CD2644FB84}.Release|Any CPU.Build.0 = Release|Any CPU
		{6D07E75D-70E3-4FC4-9D4F-1678481FE789}.Debug|Any CPU.ActiveCfg = Debug|Any CPU
		{6D07E75D-70E3-4FC4-9D4F-1678481FE789}.Debug|Any CPU.Build.0 = Debug|Any CPU
		{6D07E75D-70E3-4FC4-9D4F-1678481FE789}.Release|Any CPU.ActiveCfg = Release|Any CPU
		{6D07E75D-70E3-4FC4-9D4F-1678481FE789}.Release|Any CPU.Build.0 = Release|Any CPU
		{C23FC60D-BAF6-4AA4-8623-863B75D08FED}.Debug|Any CPU.ActiveCfg = Debug|Any CPU
		{C23FC60D-BAF6-4AA4-8623-863B75D08FED}.Debug|Any CPU.Build.0 = Debug|Any CPU
		{C23FC60D-BAF6-4AA4-8623-863B75D08FED}.Release|Any CPU.ActiveCfg = Release|Any CPU
		{C23FC60D-BAF6-4AA4-8623-863B75D08FED}.Release|Any CPU.Build.0 = Release|Any CPU
		{2CDB2415-AFC1-4AE1-908E-124CD5E9E437}.Debug|Any CPU.ActiveCfg = Debug|Any CPU
		{2CDB2415-AFC1-4AE1-908E-124CD5E9E437}.Debug|Any CPU.Build.0 = Debug|Any CPU
		{2CDB2415-AFC1-4AE1-908E-124CD5E9E437}.Release|Any CPU.ActiveCfg = Release|Any CPU
		{2CDB2415-AFC1-4AE1-908E-124CD5E9E437}.Release|Any CPU.Build.0 = Release|Any CPU
		{251D842A-35DA-4DA1-B285-5E9A5CA9485E}.Debug|Any CPU.ActiveCfg = Debug|Any CPU
		{251D842A-35DA-4DA1-B285-5E9A5CA9485E}.Debug|Any CPU.Build.0 = Debug|Any CPU
		{251D842A-35DA-4DA1-B285-5E9A5CA9485E}.Release|Any CPU.ActiveCfg = Release|Any CPU
		{251D842A-35DA-4DA1-B285-5E9A5CA9485E}.Release|Any CPU.Build.0 = Release|Any CPU
		{568611CE-2D1F-44E2-92C3-DAFC73AE319C}.Debug|Any CPU.ActiveCfg = Debug|Any CPU
		{568611CE-2D1F-44E2-92C3-DAFC73AE319C}.Debug|Any CPU.Build.0 = Debug|Any CPU
		{568611CE-2D1F-44E2-92C3-DAFC73AE319C}.Release|Any CPU.ActiveCfg = Release|Any CPU
		{568611CE-2D1F-44E2-92C3-DAFC73AE319C}.Release|Any CPU.Build.0 = Release|Any CPU
	EndGlobalSection
EndGlobal
